
Microsoft Visual Studio Solution File, Format Version 12.00
# Visual Studio Version 17
VisualStudioVersion = 17.9.34622.214
MinimumVisualStudioVersion = 10.0.40219.1
Project("{9A19103F-16F7-4668-BE54-9A1E7A4F7556}") = "AdvancedRestApiMongo", "AdvancedRestApiMongo\AdvancedRestApiMongo.csproj", "{2342C032-5E3E-418F-B137-CC599D37CF54}"
EndProject
Global
	GlobalSection(SolutionConfigurationPlatforms) = preSolution
		Debug|Any CPU = Debug|Any CPU
		Release|Any CPU = Release|Any CPU
	EndGlobalSection
	GlobalSection(ProjectConfigurationPlatforms) = postSolution
		{2342C032-5E3E-418F-B137-CC599D37CF54}.Debug|Any CPU.ActiveCfg = Debug|Any CPU
		{2342C032-5E3E-418F-B137-CC599D37CF54}.Debug|Any CPU.Build.0 = Debug|Any CPU
		{2342C032-5E3E-418F-B137-CC599D37CF54}.Release|Any CPU.ActiveCfg = Release|Any CPU
		{2342C032-5E3E-418F-B137-CC599D37CF54}.Release|Any CPU.Build.0 = Release|Any CPU
	EndGlobalSection
	GlobalSection(SolutionProperties) = preSolution
		HideSolutionNode = FALSE
	EndGlobalSection
	GlobalSection(ExtensibilityGlobals) = postSolution
		SolutionGuid = {F02F5123-5327-48A3-9225-52D1AAE63560}
	EndGlobalSection
EndGlobal
